
Microsoft Visual Studio Solution File, Format Version 12.00
# Visual Studio Version 17
VisualStudioVersion = 17.8.34330.188
MinimumVisualStudioVersion = 10.0.40219.1
Project("{FAE04EC0-301F-11D3-BF4B-00C04F79EFBC}") = "FunctionApp1", "FunctionApp1\FunctionApp1.csproj", "{17CD8A15-F4B3-403D-80EE-E74A1E42B235}"
EndProject
Global
	GlobalSection(SolutionConfigurationPlatforms) = preSolution
		Debug|Any CPU = Debug|Any CPU
		Release|Any CPU = Release|Any CPU
	EndGlobalSection
	GlobalSection(ProjectConfigurationPlatforms) = postSolution
		{17CD8A15-F4B3-403D-80EE-E74A1E42B235}.Debug|Any CPU.ActiveCfg = Debug|Any CPU
		{17CD8A15-F4B3-403D-80EE-E74A1E42B235}.Debug|Any CPU.Build.0 = Debug|Any CPU
		{17CD8A15-F4B3-403D-80EE-E74A1E42B235}.Release|Any CPU.ActiveCfg = Release|Any CPU
		{17CD8A15-F4B3-403D-80EE-E74A1E42B235}.Release|Any CPU.Build.0 = Release|Any CPU
	EndGlobalSection
	GlobalSection(SolutionProperties) = preSolution
		HideSolutionNode = FALSE
	EndGlobalSection
	GlobalSection(ExtensibilityGlobals) = postSolution
		SolutionGuid = {83684B50-0841-4B31-8C6E-F4E125DE0116}
	EndGlobalSection
EndGlobal
